// !$*UTF8*$!
{
	archiveVersion = 1;
	classes = {
	};
	objectVersion = 46;
	objects = {

/* Begin PBXBuildFile section */
		06EBA96F1E51598C00A774E0 /* AppDelegate.swift in Sources */ = {isa = PBXBuildFile; fileRef = 06EBA96E1E51598C00A774E0 /* AppDelegate.swift */; };
		06EBA9711E51598C00A774E0 /* ViewController.swift in Sources */ = {isa = PBXBuildFile; fileRef = 06EBA9701E51598C00A774E0 /* ViewController.swift */; };
		06EBA9741E51598C00A774E0 /* Main.storyboard in Resources */ = {isa = PBXBuildFile; fileRef = 06EBA9721E51598C00A774E0 /* Main.storyboard */; };
		06EBA9761E51598C00A774E0 /* Assets.xcassets in Resources */ = {isa = PBXBuildFile; fileRef = 06EBA9751E51598C00A774E0 /* Assets.xcassets */; };
		06EBA9791E51598C00A774E0 /* LaunchScreen.storyboard in Resources */ = {isa = PBXBuildFile; fileRef = 06EBA9771E51598C00A774E0 /* LaunchScreen.storyboard */; };
		06EBA9821E515A1A00A774E0 /* AVFoundation.framework in Frameworks */ = {isa = PBXBuildFile; fileRef = 06EBA9811E515A1A00A774E0 /* AVFoundation.framework */; };
		BB50C2CE20A1E17100F0FBD9 /* MediaViewController.swift in Sources */ = {isa = PBXBuildFile; fileRef = BB50C2CB20A1E17100F0FBD9 /* MediaViewController.swift */; };
		BB50C2CF20A1E17100F0FBD9 /* FolderTableViewCell.swift in Sources */ = {isa = PBXBuildFile; fileRef = BB50C2CC20A1E17100F0FBD9 /* FolderTableViewCell.swift */; };
		BB50C2D020A1E17100F0FBD9 /* Util.swift in Sources */ = {isa = PBXBuildFile; fileRef = BB50C2CD20A1E17100F0FBD9 /* Util.swift */; };
		BB50C2D220A1E1A400F0FBD9 /* FilesTableViewController.swift in Sources */ = {isa = PBXBuildFile; fileRef = BB50C2D120A1E1A400F0FBD9 /* FilesTableViewController.swift */; };
		BB50C2D420A1E3E000F0FBD9 /* SettingsViewController.swift in Sources */ = {isa = PBXBuildFile; fileRef = BB50C2D320A1E3E000F0FBD9 /* SettingsViewController.swift */; };
		BBDC6F4820A335A1008D7A3E /* ViewControllerOld.swift in Sources */ = {isa = PBXBuildFile; fileRef = BBDC6F4720A335A1008D7A3E /* ViewControllerOld.swift */; };
/* End PBXBuildFile section */

/* Begin PBXFileReference section */
		06EBA96B1E51598C00A774E0 /* Video-Recording-1SecondClips.app */ = {isa = PBXFileReference; explicitFileType = wrapper.application; includeInIndex = 0; path = "Video-Recording-1SecondClips.app"; sourceTree = BUILT_PRODUCTS_DIR; };
		06EBA96E1E51598C00A774E0 /* AppDelegate.swift */ = {isa = PBXFileReference; lastKnownFileType = sourcecode.swift; path = AppDelegate.swift; sourceTree = "<group>"; };
		06EBA9701E51598C00A774E0 /* ViewController.swift */ = {isa = PBXFileReference; lastKnownFileType = sourcecode.swift; path = ViewController.swift; sourceTree = "<group>"; };
		06EBA9731E51598C00A774E0 /* Base */ = {isa = PBXFileReference; lastKnownFileType = file.storyboard; name = Base; path = Base.lproj/Main.storyboard; sourceTree = "<group>"; };
		06EBA9751E51598C00A774E0 /* Assets.xcassets */ = {isa = PBXFileReference; lastKnownFileType = folder.assetcatalog; path = Assets.xcassets; sourceTree = "<group>"; };
		06EBA9781E51598C00A774E0 /* Base */ = {isa = PBXFileReference; lastKnownFileType = file.storyboard; name = Base; path = Base.lproj/LaunchScreen.storyboard; sourceTree = "<group>"; };
		06EBA97A1E51598C00A774E0 /* Info.plist */ = {isa = PBXFileReference; lastKnownFileType = text.plist.xml; path = Info.plist; sourceTree = "<group>"; };
		06EBA9811E515A1A00A774E0 /* AVFoundation.framework */ = {isa = PBXFileReference; lastKnownFileType = wrapper.framework; name = AVFoundation.framework; path = System/Library/Frameworks/AVFoundation.framework; sourceTree = SDKROOT; };
		BB50C2CB20A1E17100F0FBD9 /* MediaViewController.swift */ = {isa = PBXFileReference; fileEncoding = 4; lastKnownFileType = sourcecode.swift; path = MediaViewController.swift; sourceTree = "<group>"; };
		BB50C2CC20A1E17100F0FBD9 /* FolderTableViewCell.swift */ = {isa = PBXFileReference; fileEncoding = 4; lastKnownFileType = sourcecode.swift; path = FolderTableViewCell.swift; sourceTree = "<group>"; };
		BB50C2CD20A1E17100F0FBD9 /* Util.swift */ = {isa = PBXFileReference; fileEncoding = 4; lastKnownFileType = sourcecode.swift; path = Util.swift; sourceTree = "<group>"; };
		BB50C2D120A1E1A400F0FBD9 /* FilesTableViewController.swift */ = {isa = PBXFileReference; fileEncoding = 4; lastKnownFileType = sourcecode.swift; path = FilesTableViewController.swift; sourceTree = "<group>"; };
		BB50C2D320A1E3E000F0FBD9 /* SettingsViewController.swift */ = {isa = PBXFileReference; fileEncoding = 4; lastKnownFileType = sourcecode.swift; path = SettingsViewController.swift; sourceTree = "<group>"; };
		BBDC6F4720A335A1008D7A3E /* ViewControllerOld.swift */ = {isa = PBXFileReference; lastKnownFileType = sourcecode.swift; path = ViewControllerOld.swift; sourceTree = "<group>"; };
/* End PBXFileReference section */

/* Begin PBXFrameworksBuildPhase section */
		06EBA9681E51598C00A774E0 /* Frameworks */ = {
			isa = PBXFrameworksBuildPhase;
			buildActionMask = 2147483647;
			files = (
				06EBA9821E515A1A00A774E0 /* AVFoundation.framework in Frameworks */,
			);
			runOnlyForDeploymentPostprocessing = 0;
		};
/* End PBXFrameworksBuildPhase section */

/* Begin PBXGroup section */
		06EBA9621E51598C00A774E0 = {
			isa = PBXGroup;
			children = (
				06EBA96D1E51598C00A774E0 /* Video-Recording-1SecondClips */,
				06EBA96C1E51598C00A774E0 /* Products */,
				06EBA9801E515A1A00A774E0 /* Frameworks */,
			);
			sourceTree = "<group>";
		};
		06EBA96C1E51598C00A774E0 /* Products */ = {
			isa = PBXGroup;
			children = (
				06EBA96B1E51598C00A774E0 /* Video-Recording-1SecondClips.app */,
			);
			name = Products;
			sourceTree = "<group>";
		};
		06EBA96D1E51598C00A774E0 /* Video-Recording-1SecondClips */ = {
			isa = PBXGroup;
			children = (
				06EBA96E1E51598C00A774E0 /* AppDelegate.swift */,
				06EBA9701E51598C00A774E0 /* ViewController.swift */,
				BB50C2D120A1E1A400F0FBD9 /* FilesTableViewController.swift */,
				BB50C2D320A1E3E000F0FBD9 /* SettingsViewController.swift */,
				BB50C2CC20A1E17100F0FBD9 /* FolderTableViewCell.swift */,
				BB50C2CB20A1E17100F0FBD9 /* MediaViewController.swift */,
				06EBA9721E51598C00A774E0 /* Main.storyboard */,
				06EBA9751E51598C00A774E0 /* Assets.xcassets */,
				06EBA9771E51598C00A774E0 /* LaunchScreen.storyboard */,
				BB899D8920A2144100F079A5 /* Utils */,
				06EBA97A1E51598C00A774E0 /* Info.plist */,
				BBDC6F4720A335A1008D7A3E /* ViewControllerOld.swift */,
			);
			path = "Video-Recording-1SecondClips";
			sourceTree = "<group>";
		};
		06EBA9801E515A1A00A774E0 /* Frameworks */ = {
			isa = PBXGroup;
			children = (
				06EBA9811E515A1A00A774E0 /* AVFoundation.framework */,
			);
			name = Frameworks;
			sourceTree = "<group>";
		};
		BB899D8920A2144100F079A5 /* Utils */ = {
			isa = PBXGroup;
			children = (
				BB50C2CD20A1E17100F0FBD9 /* Util.swift */,
			);
			path = Utils;
			sourceTree = "<group>";
		};
/* End PBXGroup section */

/* Begin PBXNativeTarget section */
		06EBA96A1E51598C00A774E0 /* Video-Recording-1SecondClips */ = {
			isa = PBXNativeTarget;
			buildConfigurationList = 06EBA97D1E51598C00A774E0 /* Build configuration list for PBXNativeTarget "Video-Recording-1SecondClips" */;
			buildPhases = (
				06EBA9671E51598C00A774E0 /* Sources */,
				06EBA9681E51598C00A774E0 /* Frameworks */,
				06EBA9691E51598C00A774E0 /* Resources */,
			);
			buildRules = (
			);
			dependencies = (
			);
			name = "Video-Recording-1SecondClips";
			productName = "Video-Recording-1SecondClips";
			productReference = 06EBA96B1E51598C00A774E0 /* Video-Recording-1SecondClips.app */;
			productType = "com.apple.product-type.application";
		};
/* End PBXNativeTarget section */

/* Begin PBXProject section */
		06EBA9631E51598C00A774E0 /* Project object */ = {
			isa = PBXProject;
			attributes = {
				LastSwiftUpdateCheck = 0820;
				LastUpgradeCheck = 0930;
				ORGANIZATIONNAME = Manish;
				TargetAttributes = {
					06EBA96A1E51598C00A774E0 = {
						CreatedOnToolsVersion = 8.2.1;
						DevelopmentTeam = 9KPV2EK8QS;
						LastSwiftMigration = 0930;
						ProvisioningStyle = Automatic;
					};
				};
			};
			buildConfigurationList = 06EBA9661E51598C00A774E0 /* Build configuration list for PBXProject "Video-Recording-1SecondClips" */;
			compatibilityVersion = "Xcode 3.2";
			developmentRegion = English;
			hasScannedForEncodings = 0;
			knownRegions = (
				en,
				Base,
			);
			mainGroup = 06EBA9621E51598C00A774E0;
			productRefGroup = 06EBA96C1E51598C00A774E0 /* Products */;
			projectDirPath = "";
			projectRoot = "";
			targets = (
				06EBA96A1E51598C00A774E0 /* Video-Recording-1SecondClips */,
			);
		};
/* End PBXProject section */

/* Begin PBXResourcesBuildPhase section */
		06EBA9691E51598C00A774E0 /* Resources */ = {
			isa = PBXResourcesBuildPhase;
			buildActionMask = 2147483647;
			files = (
				06EBA9791E51598C00A774E0 /* LaunchScreen.storyboard in Resources */,
				06EBA9761E51598C00A774E0 /* Assets.xcassets in Resources */,
				06EBA9741E51598C00A774E0 /* Main.storyboard in Resources */,
			);
			runOnlyForDeploymentPostprocessing = 0;
		};
/* End PBXResourcesBuildPhase section */

/* Begin PBXSourcesBuildPhase section */
		06EBA9671E51598C00A774E0 /* Sources */ = {
			isa = PBXSourcesBuildPhase;
			buildActionMask = 2147483647;
			files = (
				BBDC6F4820A335A1008D7A3E /* ViewControllerOld.swift in Sources */,
				06EBA9711E51598C00A774E0 /* ViewController.swift in Sources */,
				BB50C2CE20A1E17100F0FBD9 /* MediaViewController.swift in Sources */,
				BB50C2D420A1E3E000F0FBD9 /* SettingsViewController.swift in Sources */,
				BB50C2D020A1E17100F0FBD9 /* Util.swift in Sources */,
				BB50C2D220A1E1A400F0FBD9 /* FilesTableViewController.swift in Sources */,
				06EBA96F1E51598C00A774E0 /* AppDelegate.swift in Sources */,
				BB50C2CF20A1E17100F0FBD9 /* FolderTableViewCell.swift in Sources */,
			);
			runOnlyForDeploymentPostprocessing = 0;
		};
/* End PBXSourcesBuildPhase section */

/* Begin PBXVariantGroup section */
		06EBA9721E51598C00A774E0 /* Main.storyboard */ = {
			isa = PBXVariantGroup;
			children = (
				06EBA9731E51598C00A774E0 /* Base */,
			);
			name = Main.storyboard;
			sourceTree = "<group>";
		};
		06EBA9771E51598C00A774E0 /* LaunchScreen.storyboard */ = {
			isa = PBXVariantGroup;
			children = (
				06EBA9781E51598C00A774E0 /* Base */,
			);
			name = LaunchScreen.storyboard;
			sourceTree = "<group>";
		};
/* End PBXVariantGroup section */

/* Begin XCBuildConfiguration section */
		06EBA97B1E51598C00A774E0 /* Debug */ = {
			isa = XCBuildConfiguration;
			buildSettings = {
				ALWAYS_SEARCH_USER_PATHS = NO;
				CLANG_ANALYZER_NONNULL = YES;
				CLANG_CXX_LANGUAGE_STANDARD = "gnu++0x";
				CLANG_CXX_LIBRARY = "libc++";
				CLANG_ENABLE_MODULES = YES;
				CLANG_ENABLE_OBJC_ARC = YES;
				CLANG_WARN_BLOCK_CAPTURE_AUTORELEASING = YES;
				CLANG_WARN_BOOL_CONVERSION = YES;
				CLANG_WARN_COMMA = YES;
				CLANG_WARN_CONSTANT_CONVERSION = YES;
				CLANG_WARN_DEPRECATED_OBJC_IMPLEMENTATIONS = YES;
				CLANG_WARN_DIRECT_OBJC_ISA_USAGE = YES_ERROR;
				CLANG_WARN_DOCUMENTATION_COMMENTS = YES;
				CLANG_WARN_EMPTY_BODY = YES;
				CLANG_WARN_ENUM_CONVERSION = YES;
				CLANG_WARN_INFINITE_RECURSION = YES;
				CLANG_WARN_INT_CONVERSION = YES;
				CLANG_WARN_NON_LITERAL_NULL_CONVERSION = YES;
				CLANG_WARN_OBJC_IMPLICIT_RETAIN_SELF = YES;
				CLANG_WARN_OBJC_LITERAL_CONVERSION = YES;
				CLANG_WARN_OBJC_ROOT_CLASS = YES_ERROR;
				CLANG_WARN_RANGE_LOOP_ANALYSIS = YES;
				CLANG_WARN_STRICT_PROTOTYPES = YES;
				CLANG_WARN_SUSPICIOUS_MOVE = YES;
				CLANG_WARN_UNREACHABLE_CODE = YES;
				CLANG_WARN__DUPLICATE_METHOD_MATCH = YES;
				"CODE_SIGN_IDENTITY[sdk=iphoneos*]" = "iPhone Developer";
				COPY_PHASE_STRIP = NO;
				DEBUG_INFORMATION_FORMAT = dwarf;
				ENABLE_STRICT_OBJC_MSGSEND = YES;
				ENABLE_TESTABILITY = YES;
				GCC_C_LANGUAGE_STANDARD = gnu99;
				GCC_DYNAMIC_NO_PIC = NO;
				GCC_NO_COMMON_BLOCKS = YES;
				GCC_OPTIMIZATION_LEVEL = 0;
				GCC_PREPROCESSOR_DEFINITIONS = (
					"DEBUG=1",
					"$(inherited)",
				);
				GCC_WARN_64_TO_32_BIT_CONVERSION = YES;
				GCC_WARN_ABOUT_RETURN_TYPE = YES_ERROR;
				GCC_WARN_UNDECLARED_SELECTOR = YES;
				GCC_WARN_UNINITIALIZED_AUTOS = YES_AGGRESSIVE;
				GCC_WARN_UNUSED_FUNCTION = YES;
				GCC_WARN_UNUSED_VARIABLE = YES;
				IPHONEOS_DEPLOYMENT_TARGET = 11.0;
				MTL_ENABLE_DEBUG_INFO = YES;
				ONLY_ACTIVE_ARCH = YES;
				SDKROOT = iphoneos;
				SWIFT_ACTIVE_COMPILATION_CONDITIONS = DEBUG;
				SWIFT_OPTIMIZATION_LEVEL = "-Onone";
			};
			name = Debug;
		};
		06EBA97C1E51598C00A774E0 /* Release */ = {
			isa = XCBuildConfiguration;
			buildSettings = {
				ALWAYS_SEARCH_USER_PATHS = NO;
				CLANG_ANALYZER_NONNULL = YES;
				CLANG_CXX_LANGUAGE_STANDARD = "gnu++0x";
				CLANG_CXX_LIBRARY = "libc++";
				CLANG_ENABLE_MODULES = YES;
				CLANG_ENABLE_OBJC_ARC = YES;
				CLANG_WARN_BLOCK_CAPTURE_AUTORELEASING = YES;
				CLANG_WARN_BOOL_CONVERSION = YES;
				CLANG_WARN_COMMA = YES;
				CLANG_WARN_CONSTANT_CONVERSION = YES;
				CLANG_WARN_DEPRECATED_OBJC_IMPLEMENTATIONS = YES;
				CLANG_WARN_DIRECT_OBJC_ISA_USAGE = YES_ERROR;
				CLANG_WARN_DOCUMENTATION_COMMENTS = YES;
				CLANG_WARN_EMPTY_BODY = YES;
				CLANG_WARN_ENUM_CONVERSION = YES;
				CLANG_WARN_INFINITE_RECURSION = YES;
				CLANG_WARN_INT_CONVERSION = YES;
				CLANG_WARN_NON_LITERAL_NULL_CONVERSION = YES;
				CLANG_WARN_OBJC_IMPLICIT_RETAIN_SELF = YES;
				CLANG_WARN_OBJC_LITERAL_CONVERSION = YES;
				CLANG_WARN_OBJC_ROOT_CLASS = YES_ERROR;
				CLANG_WARN_RANGE_LOOP_ANALYSIS = YES;
				CLANG_WARN_STRICT_PROTOTYPES = YES;
				CLANG_WARN_SUSPICIOUS_MOVE = YES;
				CLANG_WARN_UNREACHABLE_CODE = YES;
				CLANG_WARN__DUPLICATE_METHOD_MATCH = YES;
				"CODE_SIGN_IDENTITY[sdk=iphoneos*]" = "iPhone Developer";
				COPY_PHASE_STRIP = NO;
				DEBUG_INFORMATION_FORMAT = "dwarf-with-dsym";
				ENABLE_NS_ASSERTIONS = NO;
				ENABLE_STRICT_OBJC_MSGSEND = YES;
				GCC_C_LANGUAGE_STANDARD = gnu99;
				GCC_NO_COMMON_BLOCKS = YES;
				GCC_WARN_64_TO_32_BIT_CONVERSION = YES;
				GCC_WARN_ABOUT_RETURN_TYPE = YES_ERROR;
				GCC_WARN_UNDECLARED_SELECTOR = YES;
				GCC_WARN_UNINITIALIZED_AUTOS = YES_AGGRESSIVE;
				GCC_WARN_UNUSED_FUNCTION = YES;
				GCC_WARN_UNUSED_VARIABLE = YES;
				IPHONEOS_DEPLOYMENT_TARGET = 11.0;
				MTL_ENABLE_DEBUG_INFO = NO;
				SDKROOT = iphoneos;
				SWIFT_OPTIMIZATION_LEVEL = "-Owholemodule";
				VALIDATE_PRODUCT = YES;
			};
			name = Release;
		};
		06EBA97E1E51598C00A774E0 /* Debug */ = {
			isa = XCBuildConfiguration;
			buildSettings = {
				ASSETCATALOG_COMPILER_APPICON_NAME = AppIcon;
				DEVELOPMENT_TEAM = 9KPV2EK8QS;
				INFOPLIST_FILE = "Video-Recording-1SecondClips/Info.plist";
				LD_RUNPATH_SEARCH_PATHS = "$(inherited) @executable_path/Frameworks";
				PRODUCT_BUNDLE_IDENTIFIER = "ReferenceApp.Video-Recording-1SecondClips";
				PRODUCT_NAME = "$(TARGET_NAME)";
				SWIFT_SWIFT3_OBJC_INFERENCE = On;
				SWIFT_VERSION = 4.0;
			};
			name = Debug;
		};
		06EBA97F1E51598C00A774E0 /* Release */ = {
			isa = XCBuildConfiguration;
			buildSettings = {
				ASSETCATALOG_COMPILER_APPICON_NAME = AppIcon;
				DEVELOPMENT_TEAM = 9KPV2EK8QS;
				INFOPLIST_FILE = "Video-Recording-1SecondClips/Info.plist";
				LD_RUNPATH_SEARCH_PATHS = "$(inherited) @executable_path/Frameworks";
				PRODUCT_BUNDLE_IDENTIFIER = "ReferenceApp.Video-Recording-1SecondClips";
				PRODUCT_NAME = "$(TARGET_NAME)";
				SWIFT_SWIFT3_OBJC_INFERENCE = On;
				SWIFT_VERSION = 4.0;
			};
			name = Release;
		};
/* End XCBuildConfiguration section */

/* Begin XCConfigurationList section */
		06EBA9661E51598C00A774E0 /* Build configuration list for PBXProject "Video-Recording-1SecondClips" */ = {
			isa = XCConfigurationList;
			buildConfigurations = (
				06EBA97B1E51598C00A774E0 /* Debug */,
				06EBA97C1E51598C00A774E0 /* Release */,
			);
			defaultConfigurationIsVisible = 0;
			defaultConfigurationName = Release;
		};
		06EBA97D1E51598C00A774E0 /* Build configuration list for PBXNativeTarget "Video-Recording-1SecondClips" */ = {
			isa = XCConfigurationList;
			buildConfigurations = (
				06EBA97E1E51598C00A774E0 /* Debug */,
				06EBA97F1E51598C00A774E0 /* Release */,
			);
			defaultConfigurationIsVisible = 0;
			defaultConfigurationName = Release;
		};
/* End XCConfigurationList section */
	};
	rootObject = 06EBA9631E51598C00A774E0 /* Project object */;
}
